
Microsoft Visual Studio Solution File, Format Version 12.00
# Visual Studio Version 17
VisualStudioVersion = 17.6.33829.357
MinimumVisualStudioVersion = 10.0.40219.1
Project("{FAE04EC0-301F-11D3-BF4B-00C04F79EFBC}") = "EcoImport", "EcoImport\EcoImport.csproj", "{F3F0D5E9-F79D-4501-84A7-6D9862A4F5E9}"
EndProject
Project("{2150E333-8FDC-42A3-9474-1A3956D46DE8}") = "SolutionItems", "SolutionItems", "{A3C2C6BD-4082-4FFA-A208-2AB85FC3860F}"
	ProjectSection(SolutionItems) = preProject
		SolutionItems\ReadMe.txt = SolutionItems\ReadMe.txt
		SolutionItems\triggerTasks-compo-preprod.ps1 = SolutionItems\triggerTasks-compo-preprod.ps1
		SolutionItems\triggerTasks-compo.ps1 = SolutionItems\triggerTasks-compo.ps1
		SolutionItems\triggerTasks.ps1 = SolutionItems\triggerTasks.ps1
		SolutionItems\triggerTasks.vbs = SolutionItems\triggerTasks.vbs
	EndProjectSection
EndProject
Project("{FAE04EC0-301F-11D3-BF4B-00C04F79EFBC}") = "EcoDbMerge", "EcoDbMerge\EcoDbMerge.csproj", "{1445ADED-AFA1-4465-95A2-0B88177E1929}"
EndProject
Project("{FAE04EC0-301F-11D3-BF4B-00C04F79EFBC}") = "EcoCompoImport", "EcoCompoImport\EcoCompoImport.csproj", "{4DE8C1D3-5EBE-4A98-BE95-225833C58AAB}"
EndProject
Project("{FAE04EC0-301F-11D3-BF4B-00C04F79EFBC}") = "IntegrationTests", "IntegrationTests\IntegrationTests.csproj", "{48F5219A-9B34-401F-90E5-B5CEE8604C98}"
EndProject
Project("{FAE04EC0-301F-11D3-BF4B-00C04F79EFBC}") = "EcoCitizenImport", "EcoCitizenImport\EcoCitizenImport.csproj", "{52CEE2EF-582E-4CC8-9FD7-F5DB783389C5}"
EndProject
Project("{FAE04EC0-301F-11D3-BF4B-00C04F79EFBC}") = "EcoCentre", "EcoCentre\EcoCentre.csproj", "{27BD93DA-20CF-4200-89EE-C0DA50C3D8CA}"
EndProject
Global
	GlobalSection(SolutionConfigurationPlatforms) = preSolution
		CompoAzure|Any CPU = CompoAzure|Any CPU
		CompoPreprodAzure|Any CPU = CompoPreprodAzure|Any CPU
		CompoProd|Any CPU = CompoProd|Any CPU
		Debug|Any CPU = Debug|Any CPU
		Demo|Any CPU = Demo|Any CPU
		EcoGore|Any CPU = EcoGore|Any CPU
		Release|Any CPU = Release|Any CPU
		RidrAmherst|Any CPU = RidrAmherst|Any CPU
		RidrGlobal|Any CPU = RidrGlobal|Any CPU
		RidrHuberdeau|Any CPU = RidrHuberdeau|Any CPU
		RidrLacSuperieur|Any CPU = RidrLacSuperieur|Any CPU
		RidrLaMinerve|Any CPU = RidrLaMinerve|Any CPU
		RidrLantier|Any CPU = RidrLantier|Any CPU
		RidrMontTremblant|Any CPU = RidrMontTremblant|Any CPU
		RidrSadm|Any CPU = RidrSadm|Any CPU
		RidrSldLaurentides|Any CPU = RidrSldLaurentides|Any CPU
		RidrValDesLacs|Any CPU = RidrValDesLacs|Any CPU
		Sauveur|Any CPU = Sauveur|Any CPU
	EndGlobalSection
	GlobalSection(ProjectConfigurationPlatforms) = postSolution
		{F3F0D5E9-F79D-4501-84A7-6D9862A4F5E9}.CompoAzure|Any CPU.ActiveCfg = CompoAzure|Any CPU
		{F3F0D5E9-F79D-4501-84A7-6D9862A4F5E9}.CompoAzure|Any CPU.Build.0 = CompoAzure|Any CPU
		{F3F0D5E9-F79D-4501-84A7-6D9862A4F5E9}.CompoPreprodAzure|Any CPU.ActiveCfg = CompoPreprodAzure|Any CPU
		{F3F0D5E9-F79D-4501-84A7-6D9862A4F5E9}.CompoPreprodAzure|Any CPU.Build.0 = CompoPreprodAzure|Any CPU
		{F3F0D5E9-F79D-4501-84A7-6D9862A4F5E9}.CompoProd|Any CPU.ActiveCfg = CompoProd|Any CPU
		{F3F0D5E9-F79D-4501-84A7-6D9862A4F5E9}.CompoProd|Any CPU.Build.0 = CompoProd|Any CPU
		{F3F0D5E9-F79D-4501-84A7-6D9862A4F5E9}.Debug|Any CPU.ActiveCfg = Debug|Any CPU
		{F3F0D5E9-F79D-4501-84A7-6D9862A4F5E9}.Debug|Any CPU.Build.0 = Debug|Any CPU
		{F3F0D5E9-F79D-4501-84A7-6D9862A4F5E9}.Demo|Any CPU.ActiveCfg = Demo|Any CPU
		{F3F0D5E9-F79D-4501-84A7-6D9862A4F5E9}.Demo|Any CPU.Build.0 = Demo|Any CPU
		{F3F0D5E9-F79D-4501-84A7-6D9862A4F5E9}.EcoGore|Any CPU.ActiveCfg = EcoGore|Any CPU
		{F3F0D5E9-F79D-4501-84A7-6D9862A4F5E9}.EcoGore|Any CPU.Build.0 = EcoGore|Any CPU
		{F3F0D5E9-F79D-4501-84A7-6D9862A4F5E9}.Release|Any CPU.ActiveCfg = Release|Any CPU
		{F3F0D5E9-F79D-4501-84A7-6D9862A4F5E9}.Release|Any CPU.Build.0 = Release|Any CPU
		{F3F0D5E9-F79D-4501-84A7-6D9862A4F5E9}.RidrAmherst|Any CPU.ActiveCfg = RidrAmherst|Any CPU
		{F3F0D5E9-F79D-4501-84A7-6D9862A4F5E9}.RidrAmherst|Any CPU.Build.0 = RidrAmherst|Any CPU
		{F3F0D5E9-F79D-4501-84A7-6D9862A4F5E9}.RidrGlobal|Any CPU.ActiveCfg = RidrGlobal|Any CPU
		{F3F0D5E9-F79D-4501-84A7-6D9862A4F5E9}.RidrGlobal|Any CPU.Build.0 = RidrGlobal|Any CPU
		{F3F0D5E9-F79D-4501-84A7-6D9862A4F5E9}.RidrHuberdeau|Any CPU.ActiveCfg = RidrHuberdeau|Any CPU
		{F3F0D5E9-F79D-4501-84A7-6D9862A4F5E9}.RidrHuberdeau|Any CPU.Build.0 = RidrHuberdeau|Any CPU
		{F3F0D5E9-F79D-4501-84A7-6D9862A4F5E9}.RidrLacSuperieur|Any CPU.ActiveCfg = RidrLacSuperieur|Any CPU
		{F3F0D5E9-F79D-4501-84A7-6D9862A4F5E9}.RidrLacSuperieur|Any CPU.Build.0 = RidrLacSuperieur|Any CPU
		{F3F0D5E9-F79D-4501-84A7-6D9862A4F5E9}.RidrLaMinerve|Any CPU.ActiveCfg = RidrLaMinerve|Any CPU
		{F3F0D5E9-F79D-4501-84A7-6D9862A4F5E9}.RidrLaMinerve|Any CPU.Build.0 = RidrLaMinerve|Any CPU
		{F3F0D5E9-F79D-4501-84A7-6D9862A4F5E9}.RidrLantier|Any CPU.ActiveCfg = RidrLantier|Any CPU
		{F3F0D5E9-F79D-4501-84A7-6D9862A4F5E9}.RidrLantier|Any CPU.Build.0 = RidrLantier|Any CPU
		{F3F0D5E9-F79D-4501-84A7-6D9862A4F5E9}.RidrMontTremblant|Any CPU.ActiveCfg = RidrMontTremblant|Any CPU
		{F3F0D5E9-F79D-4501-84A7-6D9862A4F5E9}.RidrMontTremblant|Any CPU.Build.0 = RidrMontTremblant|Any CPU
		{F3F0D5E9-F79D-4501-84A7-6D9862A4F5E9}.RidrSadm|Any CPU.ActiveCfg = RidrSadm|Any CPU
		{F3F0D5E9-F79D-4501-84A7-6D9862A4F5E9}.RidrSadm|Any CPU.Build.0 = RidrSadm|Any CPU
		{F3F0D5E9-F79D-4501-84A7-6D9862A4F5E9}.RidrSldLaurentides|Any CPU.ActiveCfg = RidrSldLaurentides|Any CPU
		{F3F0D5E9-F79D-4501-84A7-6D9862A4F5E9}.RidrSldLaurentides|Any CPU.Build.0 = RidrSldLaurentides|Any CPU
		{F3F0D5E9-F79D-4501-84A7-6D9862A4F5E9}.RidrValDesLacs|Any CPU.ActiveCfg = RidrValDesLacs|Any CPU
		{F3F0D5E9-F79D-4501-84A7-6D9862A4F5E9}.RidrValDesLacs|Any CPU.Build.0 = RidrValDesLacs|Any CPU
		{F3F0D5E9-F79D-4501-84A7-6D9862A4F5E9}.Sauveur|Any CPU.ActiveCfg = Sauveur|Any CPU
		{F3F0D5E9-F79D-4501-84A7-6D9862A4F5E9}.Sauveur|Any CPU.Build.0 = Sauveur|Any CPU
		{1445ADED-AFA1-4465-95A2-0B88177E1929}.CompoAzure|Any CPU.ActiveCfg = CompoAzure|Any CPU
		{1445ADED-AFA1-4465-95A2-0B88177E1929}.CompoAzure|Any CPU.Build.0 = CompoAzure|Any CPU
		{1445ADED-AFA1-4465-95A2-0B88177E1929}.CompoPreprodAzure|Any CPU.ActiveCfg = CompoPreprodAzure|Any CPU
		{1445ADED-AFA1-4465-95A2-0B88177E1929}.CompoPreprodAzure|Any CPU.Build.0 = CompoPreprodAzure|Any CPU
		{1445ADED-AFA1-4465-95A2-0B88177E1929}.CompoProd|Any CPU.ActiveCfg = CompoProd|Any CPU
		{1445ADED-AFA1-4465-95A2-0B88177E1929}.CompoProd|Any CPU.Build.0 = CompoProd|Any CPU
		{1445ADED-AFA1-4465-95A2-0B88177E1929}.Debug|Any CPU.ActiveCfg = Debug|Any CPU
		{1445ADED-AFA1-4465-95A2-0B88177E1929}.Debug|Any CPU.Build.0 = Debug|Any CPU
		{1445ADED-AFA1-4465-95A2-0B88177E1929}.Demo|Any CPU.ActiveCfg = Debug|Any CPU
		{1445ADED-AFA1-4465-95A2-0B88177E1929}.Demo|Any CPU.Build.0 = Debug|Any CPU
		{1445ADED-AFA1-4465-95A2-0B88177E1929}.EcoGore|Any CPU.ActiveCfg = CampoPreprodAzure|Any CPU
		{1445ADED-AFA1-4465-95A2-0B88177E1929}.EcoGore|Any CPU.Build.0 = CampoPreprodAzure|Any CPU
		{1445ADED-AFA1-4465-95A2-0B88177E1929}.Release|Any CPU.ActiveCfg = Release|Any CPU
		{1445ADED-AFA1-4465-95A2-0B88177E1929}.Release|Any CPU.Build.0 = Release|Any CPU
		{1445ADED-AFA1-4465-95A2-0B88177E1929}.RidrAmherst|Any CPU.ActiveCfg = Release|Any CPU
		{1445ADED-AFA1-4465-95A2-0B88177E1929}.RidrAmherst|Any CPU.Build.0 = Release|Any CPU
		{1445ADED-AFA1-4465-95A2-0B88177E1929}.RidrGlobal|Any CPU.ActiveCfg = Release|Any CPU
		{1445ADED-AFA1-4465-95A2-0B88177E1929}.RidrGlobal|Any CPU.Build.0 = Release|Any CPU
		{1445ADED-AFA1-4465-95A2-0B88177E1929}.RidrHuberdeau|Any CPU.ActiveCfg = Release|Any CPU
		{1445ADED-AFA1-4465-95A2-0B88177E1929}.RidrHuberdeau|Any CPU.Build.0 = Release|Any CPU
		{1445ADED-AFA1-4465-95A2-0B88177E1929}.RidrLacSuperieur|Any CPU.ActiveCfg = Release|Any CPU
		{1445ADED-AFA1-4465-95A2-0B88177E1929}.RidrLacSuperieur|Any CPU.Build.0 = Release|Any CPU
		{1445ADED-AFA1-4465-95A2-0B88177E1929}.RidrLaMinerve|Any CPU.ActiveCfg = Release|Any CPU
		{1445ADED-AFA1-4465-95A2-0B88177E1929}.RidrLaMinerve|Any CPU.Build.0 = Release|Any CPU
		{1445ADED-AFA1-4465-95A2-0B88177E1929}.RidrLantier|Any CPU.ActiveCfg = Release|Any CPU
		{1445ADED-AFA1-4465-95A2-0B88177E1929}.RidrLantier|Any CPU.Build.0 = Release|Any CPU
		{1445ADED-AFA1-4465-95A2-0B88177E1929}.RidrMontTremblant|Any CPU.ActiveCfg = Release|Any CPU
		{1445ADED-AFA1-4465-95A2-0B88177E1929}.RidrMontTremblant|Any CPU.Build.0 = Release|Any CPU
		{1445ADED-AFA1-4465-95A2-0B88177E1929}.RidrSadm|Any CPU.ActiveCfg = Release|Any CPU
		{1445ADED-AFA1-4465-95A2-0B88177E1929}.RidrSadm|Any CPU.Build.0 = Release|Any CPU
		{1445ADED-AFA1-4465-95A2-0B88177E1929}.RidrSldLaurentides|Any CPU.ActiveCfg = Release|Any CPU
		{1445ADED-AFA1-4465-95A2-0B88177E1929}.RidrSldLaurentides|Any CPU.Build.0 = Release|Any CPU
		{1445ADED-AFA1-4465-95A2-0B88177E1929}.RidrValDesLacs|Any CPU.ActiveCfg = Release|Any CPU
		{1445ADED-AFA1-4465-95A2-0B88177E1929}.RidrValDesLacs|Any CPU.Build.0 = Release|Any CPU
		{1445ADED-AFA1-4465-95A2-0B88177E1929}.Sauveur|Any CPU.ActiveCfg = CampoPreprodAzure|Any CPU
		{1445ADED-AFA1-4465-95A2-0B88177E1929}.Sauveur|Any CPU.Build.0 = CampoPreprodAzure|Any CPU
		{4DE8C1D3-5EBE-4A98-BE95-225833C58AAB}.CompoAzure|Any CPU.ActiveCfg = CompoAzure|Any CPU
		{4DE8C1D3-5EBE-4A98-BE95-225833C58AAB}.CompoAzure|Any CPU.Build.0 = CompoAzure|Any CPU
		{4DE8C1D3-5EBE-4A98-BE95-225833C58AAB}.CompoPreprodAzure|Any CPU.ActiveCfg = CompoPreprodAzure|Any CPU
		{4DE8C1D3-5EBE-4A98-BE95-225833C58AAB}.CompoPreprodAzure|Any CPU.Build.0 = CompoPreprodAzure|Any CPU
		{4DE8C1D3-5EBE-4A98-BE95-225833C58AAB}.CompoProd|Any CPU.ActiveCfg = CompoProd|Any CPU
		{4DE8C1D3-5EBE-4A98-BE95-225833C58AAB}.CompoProd|Any CPU.Build.0 = CompoProd|Any CPU
		{4DE8C1D3-5EBE-4A98-BE95-225833C58AAB}.Debug|Any CPU.ActiveCfg = Debug|Any CPU
		{4DE8C1D3-5EBE-4A98-BE95-225833C58AAB}.Debug|Any CPU.Build.0 = Debug|Any CPU
		{4DE8C1D3-5EBE-4A98-BE95-225833C58AAB}.Demo|Any CPU.ActiveCfg = Debug|Any CPU
		{4DE8C1D3-5EBE-4A98-BE95-225833C58AAB}.Demo|Any CPU.Build.0 = Debug|Any CPU
		{4DE8C1D3-5EBE-4A98-BE95-225833C58AAB}.EcoGore|Any CPU.ActiveCfg = Release|Any CPU
		{4DE8C1D3-5EBE-4A98-BE95-225833C58AAB}.EcoGore|Any CPU.Build.0 = Release|Any CPU
		{4DE8C1D3-5EBE-4A98-BE95-225833C58AAB}.Release|Any CPU.ActiveCfg = Release|Any CPU
		{4DE8C1D3-5EBE-4A98-BE95-225833C58AAB}.Release|Any CPU.Build.0 = Release|Any CPU
		{4DE8C1D3-5EBE-4A98-BE95-225833C58AAB}.RidrAmherst|Any CPU.ActiveCfg = Release|Any CPU
		{4DE8C1D3-5EBE-4A98-BE95-225833C58AAB}.RidrAmherst|Any CPU.Build.0 = Release|Any CPU
		{4DE8C1D3-5EBE-4A98-BE95-225833C58AAB}.RidrGlobal|Any CPU.ActiveCfg = Release|Any CPU
		{4DE8C1D3-5EBE-4A98-BE95-225833C58AAB}.RidrGlobal|Any CPU.Build.0 = Release|Any CPU
		{4DE8C1D3-5EBE-4A98-BE95-225833C58AAB}.RidrHuberdeau|Any CPU.ActiveCfg = Release|Any CPU
		{4DE8C1D3-5EBE-4A98-BE95-225833C58AAB}.RidrHuberdeau|Any CPU.Build.0 = Release|Any CPU
		{4DE8C1D3-5EBE-4A98-BE95-225833C58AAB}.RidrLacSuperieur|Any CPU.ActiveCfg = Release|Any CPU
		{4DE8C1D3-5EBE-4A98-BE95-225833C58AAB}.RidrLacSuperieur|Any CPU.Build.0 = Release|Any CPU
		{4DE8C1D3-5EBE-4A98-BE95-225833C58AAB}.RidrLaMinerve|Any CPU.ActiveCfg = Release|Any CPU
		{4DE8C1D3-5EBE-4A98-BE95-225833C58AAB}.RidrLaMinerve|Any CPU.Build.0 = Release|Any CPU
		{4DE8C1D3-5EBE-4A98-BE95-225833C58AAB}.RidrLantier|Any CPU.ActiveCfg = Release|Any CPU
		{4DE8C1D3-5EBE-4A98-BE95-225833C58AAB}.RidrLantier|Any CPU.Build.0 = Release|Any CPU
		{4DE8C1D3-5EBE-4A98-BE95-225833C58AAB}.RidrMontTremblant|Any CPU.ActiveCfg = Release|Any CPU
		{4DE8C1D3-5EBE-4A98-BE95-225833C58AAB}.RidrMontTremblant|Any CPU.Build.0 = Release|Any CPU
		{4DE8C1D3-5EBE-4A98-BE95-225833C58AAB}.RidrSadm|Any CPU.ActiveCfg = Release|Any CPU
		{4DE8C1D3-5EBE-4A98-BE95-225833C58AAB}.RidrSadm|Any CPU.Build.0 = Release|Any CPU
		{4DE8C1D3-5EBE-4A98-BE95-225833C58AAB}.RidrSldLaurentides|Any CPU.ActiveCfg = Release|Any CPU
		{4DE8C1D3-5EBE-4A98-BE95-225833C58AAB}.RidrSldLaurentides|Any CPU.Build.0 = Release|Any CPU
		{4DE8C1D3-5EBE-4A98-BE95-225833C58AAB}.RidrValDesLacs|Any CPU.ActiveCfg = Release|Any CPU
		{4DE8C1D3-5EBE-4A98-BE95-225833C58AAB}.RidrValDesLacs|Any CPU.Build.0 = Release|Any CPU
		{4DE8C1D3-5EBE-4A98-BE95-225833C58AAB}.Sauveur|Any CPU.ActiveCfg = Release|Any CPU
		{4DE8C1D3-5EBE-4A98-BE95-225833C58AAB}.Sauveur|Any CPU.Build.0 = Release|Any CPU
		{48F5219A-9B34-401F-90E5-B5CEE8604C98}.CompoAzure|Any CPU.ActiveCfg = Release|Any CPU
		{48F5219A-9B34-401F-90E5-B5CEE8604C98}.CompoAzure|Any CPU.Build.0 = Release|Any CPU
		{48F5219A-9B34-401F-90E5-B5CEE8604C98}.CompoPreprodAzure|Any CPU.ActiveCfg = CampoPreprodAzure|Any CPU
		{48F5219A-9B34-401F-90E5-B5CEE8604C98}.CompoPreprodAzure|Any CPU.Build.0 = CampoPreprodAzure|Any CPU
		{48F5219A-9B34-401F-90E5-B5CEE8604C98}.CompoProd|Any CPU.ActiveCfg = CompoProd|Any CPU
		{48F5219A-9B34-401F-90E5-B5CEE8604C98}.CompoProd|Any CPU.Build.0 = CompoProd|Any CPU
		{48F5219A-9B34-401F-90E5-B5CEE8604C98}.Debug|Any CPU.ActiveCfg = Debug|Any CPU
		{48F5219A-9B34-401F-90E5-B5CEE8604C98}.Debug|Any CPU.Build.0 = Debug|Any CPU
		{48F5219A-9B34-401F-90E5-B5CEE8604C98}.Demo|Any CPU.ActiveCfg = Debug|Any CPU
		{48F5219A-9B34-401F-90E5-B5CEE8604C98}.Demo|Any CPU.Build.0 = Debug|Any CPU
		{48F5219A-9B34-401F-90E5-B5CEE8604C98}.EcoGore|Any CPU.ActiveCfg = Debug|Any CPU
		{48F5219A-9B34-401F-90E5-B5CEE8604C98}.EcoGore|Any CPU.Build.0 = Debug|Any CPU
		{48F5219A-9B34-401F-90E5-B5CEE8604C98}.Release|Any CPU.ActiveCfg = Release|Any CPU
		{48F5219A-9B34-401F-90E5-B5CEE8604C98}.Release|Any CPU.Build.0 = Release|Any CPU
		{48F5219A-9B34-401F-90E5-B5CEE8604C98}.RidrAmherst|Any CPU.ActiveCfg = Release|Any CPU
		{48F5219A-9B34-401F-90E5-B5CEE8604C98}.RidrAmherst|Any CPU.Build.0 = Release|Any CPU
		{48F5219A-9B34-401F-90E5-B5CEE8604C98}.RidrGlobal|Any CPU.ActiveCfg = Release|Any CPU
		{48F5219A-9B34-401F-90E5-B5CEE8604C98}.RidrGlobal|Any CPU.Build.0 = Release|Any CPU
		{48F5219A-9B34-401F-90E5-B5CEE8604C98}.RidrHuberdeau|Any CPU.ActiveCfg = Release|Any CPU
		{48F5219A-9B34-401F-90E5-B5CEE8604C98}.RidrHuberdeau|Any CPU.Build.0 = Release|Any CPU
		{48F5219A-9B34-401F-90E5-B5CEE8604C98}.RidrLacSuperieur|Any CPU.ActiveCfg = Release|Any CPU
		{48F5219A-9B34-401F-90E5-B5CEE8604C98}.RidrLacSuperieur|Any CPU.Build.0 = Release|Any CPU
		{48F5219A-9B34-401F-90E5-B5CEE8604C98}.RidrLaMinerve|Any CPU.ActiveCfg = Release|Any CPU
		{48F5219A-9B34-401F-90E5-B5CEE8604C98}.RidrLaMinerve|Any CPU.Build.0 = Release|Any CPU
		{48F5219A-9B34-401F-90E5-B5CEE8604C98}.RidrLantier|Any CPU.ActiveCfg = Release|Any CPU
		{48F5219A-9B34-401F-90E5-B5CEE8604C98}.RidrLantier|Any CPU.Build.0 = Release|Any CPU
		{48F5219A-9B34-401F-90E5-B5CEE8604C98}.RidrMontTremblant|Any CPU.ActiveCfg = Release|Any CPU
		{48F5219A-9B34-401F-90E5-B5CEE8604C98}.RidrMontTremblant|Any CPU.Build.0 = Release|Any CPU
		{48F5219A-9B34-401F-90E5-B5CEE8604C98}.RidrSadm|Any CPU.ActiveCfg = Release|Any CPU
		{48F5219A-9B34-401F-90E5-B5CEE8604C98}.RidrSadm|Any CPU.Build.0 = Release|Any CPU
		{48F5219A-9B34-401F-90E5-B5CEE8604C98}.RidrSldLaurentides|Any CPU.ActiveCfg = Release|Any CPU
		{48F5219A-9B34-401F-90E5-B5CEE8604C98}.RidrSldLaurentides|Any CPU.Build.0 = Release|Any CPU
		{48F5219A-9B34-401F-90E5-B5CEE8604C98}.RidrValDesLacs|Any CPU.ActiveCfg = Release|Any CPU
		{48F5219A-9B34-401F-90E5-B5CEE8604C98}.RidrValDesLacs|Any CPU.Build.0 = Release|Any CPU
		{48F5219A-9B34-401F-90E5-B5CEE8604C98}.Sauveur|Any CPU.ActiveCfg = Debug|Any CPU
		{48F5219A-9B34-401F-90E5-B5CEE8604C98}.Sauveur|Any CPU.Build.0 = Debug|Any CPU
		{52CEE2EF-582E-4CC8-9FD7-F5DB783389C5}.CompoAzure|Any CPU.ActiveCfg = Release|Any CPU
		{52CEE2EF-582E-4CC8-9FD7-F5DB783389C5}.CompoAzure|Any CPU.Build.0 = Release|Any CPU
		{52CEE2EF-582E-4CC8-9FD7-F5DB783389C5}.CompoPreprodAzure|Any CPU.ActiveCfg = Release|Any CPU
		{52CEE2EF-582E-4CC8-9FD7-F5DB783389C5}.CompoPreprodAzure|Any CPU.Build.0 = Release|Any CPU
		{52CEE2EF-582E-4CC8-9FD7-F5DB783389C5}.CompoProd|Any CPU.ActiveCfg = Release|Any CPU
		{52CEE2EF-582E-4CC8-9FD7-F5DB783389C5}.CompoProd|Any CPU.Build.0 = Release|Any CPU
		{52CEE2EF-582E-4CC8-9FD7-F5DB783389C5}.Debug|Any CPU.ActiveCfg = Debug|Any CPU
		{52CEE2EF-582E-4CC8-9FD7-F5DB783389C5}.Debug|Any CPU.Build.0 = Debug|Any CPU
		{52CEE2EF-582E-4CC8-9FD7-F5DB783389C5}.Demo|Any CPU.ActiveCfg = Debug|Any CPU
		{52CEE2EF-582E-4CC8-9FD7-F5DB783389C5}.Demo|Any CPU.Build.0 = Debug|Any CPU
		{52CEE2EF-582E-4CC8-9FD7-F5DB783389C5}.EcoGore|Any CPU.ActiveCfg = Debug|Any CPU
		{52CEE2EF-582E-4CC8-9FD7-F5DB783389C5}.EcoGore|Any CPU.Build.0 = Debug|Any CPU
		{52CEE2EF-582E-4CC8-9FD7-F5DB783389C5}.Release|Any CPU.ActiveCfg = Release|Any CPU
		{52CEE2EF-582E-4CC8-9FD7-F5DB783389C5}.Release|Any CPU.Build.0 = Release|Any CPU
		{52CEE2EF-582E-4CC8-9FD7-F5DB783389C5}.RidrAmherst|Any CPU.ActiveCfg = Release|Any CPU
		{52CEE2EF-582E-4CC8-9FD7-F5DB783389C5}.RidrAmherst|Any CPU.Build.0 = Release|Any CPU
		{52CEE2EF-582E-4CC8-9FD7-F5DB783389C5}.RidrGlobal|Any CPU.ActiveCfg = Release|Any CPU
		{52CEE2EF-582E-4CC8-9FD7-F5DB783389C5}.RidrGlobal|Any CPU.Build.0 = Release|Any CPU
		{52CEE2EF-582E-4CC8-9FD7-F5DB783389C5}.RidrHuberdeau|Any CPU.ActiveCfg = Release|Any CPU
		{52CEE2EF-582E-4CC8-9FD7-F5DB783389C5}.RidrHuberdeau|Any CPU.Build.0 = Release|Any CPU
		{52CEE2EF-582E-4CC8-9FD7-F5DB783389C5}.RidrLacSuperieur|Any CPU.ActiveCfg = Release|Any CPU
		{52CEE2EF-582E-4CC8-9FD7-F5DB783389C5}.RidrLacSuperieur|Any CPU.Build.0 = Release|Any CPU
		{52CEE2EF-582E-4CC8-9FD7-F5DB783389C5}.RidrLaMinerve|Any CPU.ActiveCfg = Release|Any CPU
		{52CEE2EF-582E-4CC8-9FD7-F5DB783389C5}.RidrLaMinerve|Any CPU.Build.0 = Release|Any CPU
		{52CEE2EF-582E-4CC8-9FD7-F5DB783389C5}.RidrLantier|Any CPU.ActiveCfg = Release|Any CPU
		{52CEE2EF-582E-4CC8-9FD7-F5DB783389C5}.RidrLantier|Any CPU.Build.0 = Release|Any CPU
		{52CEE2EF-582E-4CC8-9FD7-F5DB783389C5}.RidrMontTremblant|Any CPU.ActiveCfg = Release|Any CPU
		{52CEE2EF-582E-4CC8-9FD7-F5DB783389C5}.RidrMontTremblant|Any CPU.Build.0 = Release|Any CPU
		{52CEE2EF-582E-4CC8-9FD7-F5DB783389C5}.RidrSadm|Any CPU.ActiveCfg = Release|Any CPU
		{52CEE2EF-582E-4CC8-9FD7-F5DB783389C5}.RidrSadm|Any CPU.Build.0 = Release|Any CPU
		{52CEE2EF-582E-4CC8-9FD7-F5DB783389C5}.RidrSldLaurentides|Any CPU.ActiveCfg = Release|Any CPU
		{52CEE2EF-582E-4CC8-9FD7-F5DB783389C5}.RidrSldLaurentides|Any CPU.Build.0 = Release|Any CPU
		{52CEE2EF-582E-4CC8-9FD7-F5DB783389C5}.RidrValDesLacs|Any CPU.ActiveCfg = Release|Any CPU
		{52CEE2EF-582E-4CC8-9FD7-F5DB783389C5}.RidrValDesLacs|Any CPU.Build.0 = Release|Any CPU
		{52CEE2EF-582E-4CC8-9FD7-F5DB783389C5}.Sauveur|Any CPU.ActiveCfg = Debug|Any CPU
		{52CEE2EF-582E-4CC8-9FD7-F5DB783389C5}.Sauveur|Any CPU.Build.0 = Debug|Any CPU
		{27BD93DA-20CF-4200-89EE-C0DA50C3D8CA}.CompoAzure|Any CPU.ActiveCfg = CompoAzure|Any CPU
		{27BD93DA-20CF-4200-89EE-C0DA50C3D8CA}.CompoAzure|Any CPU.Build.0 = CompoAzure|Any CPU
		{27BD93DA-20CF-4200-89EE-C0DA50C3D8CA}.CompoPreprodAzure|Any CPU.ActiveCfg = CompoPreprodAzure|Any CPU
		{27BD93DA-20CF-4200-89EE-C0DA50C3D8CA}.CompoPreprodAzure|Any CPU.Build.0 = CompoPreprodAzure|Any CPU
		{27BD93DA-20CF-4200-89EE-C0DA50C3D8CA}.CompoProd|Any CPU.ActiveCfg = CompoProd|Any CPU
		{27BD93DA-20CF-4200-89EE-C0DA50C3D8CA}.CompoProd|Any CPU.Build.0 = CompoProd|Any CPU
		{27BD93DA-20CF-4200-89EE-C0DA50C3D8CA}.Debug|Any CPU.ActiveCfg = Debug|Any CPU
		{27BD93DA-20CF-4200-89EE-C0DA50C3D8CA}.Debug|Any CPU.Build.0 = Debug|Any CPU
		{27BD93DA-20CF-4200-89EE-C0DA50C3D8CA}.Demo|Any CPU.ActiveCfg = Demo|Any CPU
		{27BD93DA-20CF-4200-89EE-C0DA50C3D8CA}.Demo|Any CPU.Build.0 = Demo|Any CPU
		{27BD93DA-20CF-4200-89EE-C0DA50C3D8CA}.EcoGore|Any CPU.ActiveCfg = EcoGore|Any CPU
		{27BD93DA-20CF-4200-89EE-C0DA50C3D8CA}.EcoGore|Any CPU.Build.0 = EcoGore|Any CPU
		{27BD93DA-20CF-4200-89EE-C0DA50C3D8CA}.Release|Any CPU.ActiveCfg = Release|Any CPU
		{27BD93DA-20CF-4200-89EE-C0DA50C3D8CA}.Release|Any CPU.Build.0 = Release|Any CPU
		{27BD93DA-20CF-4200-89EE-C0DA50C3D8CA}.RidrAmherst|Any CPU.ActiveCfg = RidrAmherst|Any CPU
		{27BD93DA-20CF-4200-89EE-C0DA50C3D8CA}.RidrAmherst|Any CPU.Build.0 = RidrAmherst|Any CPU
		{27BD93DA-20CF-4200-89EE-C0DA50C3D8CA}.RidrGlobal|Any CPU.ActiveCfg = RidrGlobal|Any CPU
		{27BD93DA-20CF-4200-89EE-C0DA50C3D8CA}.RidrGlobal|Any CPU.Build.0 = RidrGlobal|Any CPU
		{27BD93DA-20CF-4200-89EE-C0DA50C3D8CA}.RidrHuberdeau|Any CPU.ActiveCfg = RidrHuberdeau|Any CPU
		{27BD93DA-20CF-4200-89EE-C0DA50C3D8CA}.RidrHuberdeau|Any CPU.Build.0 = RidrHuberdeau|Any CPU
		{27BD93DA-20CF-4200-89EE-C0DA50C3D8CA}.RidrLacSuperieur|Any CPU.ActiveCfg = RidrLacSuperieur|Any CPU
		{27BD93DA-20CF-4200-89EE-C0DA50C3D8CA}.RidrLacSuperieur|Any CPU.Build.0 = RidrLacSuperieur|Any CPU
		{27BD93DA-20CF-4200-89EE-C0DA50C3D8CA}.RidrLaMinerve|Any CPU.ActiveCfg = RidrLaMinerve|Any CPU
		{27BD93DA-20CF-4200-89EE-C0DA50C3D8CA}.RidrLaMinerve|Any CPU.Build.0 = RidrLaMinerve|Any CPU
		{27BD93DA-20CF-4200-89EE-C0DA50C3D8CA}.RidrLantier|Any CPU.ActiveCfg = RidrLantier|Any CPU
		{27BD93DA-20CF-4200-89EE-C0DA50C3D8CA}.RidrLantier|Any CPU.Build.0 = RidrLantier|Any CPU
		{27BD93DA-20CF-4200-89EE-C0DA50C3D8CA}.RidrMontTremblant|Any CPU.ActiveCfg = RidrMontTremblant|Any CPU
		{27BD93DA-20CF-4200-89EE-C0DA50C3D8CA}.RidrMontTremblant|Any CPU.Build.0 = RidrMontTremblant|Any CPU
		{27BD93DA-20CF-4200-89EE-C0DA50C3D8CA}.RidrSadm|Any CPU.ActiveCfg = RidrSadm|Any CPU
		{27BD93DA-20CF-4200-89EE-C0DA50C3D8CA}.RidrSadm|Any CPU.Build.0 = RidrSadm|Any CPU
		{27BD93DA-20CF-4200-89EE-C0DA50C3D8CA}.RidrSldLaurentides|Any CPU.ActiveCfg = RidrSldLaurentides|Any CPU
		{27BD93DA-20CF-4200-89EE-C0DA50C3D8CA}.RidrSldLaurentides|Any CPU.Build.0 = RidrSldLaurentides|Any CPU
		{27BD93DA-20CF-4200-89EE-C0DA50C3D8CA}.RidrValDesLacs|Any CPU.ActiveCfg = RidrValDesLacs|Any CPU
		{27BD93DA-20CF-4200-89EE-C0DA50C3D8CA}.RidrValDesLacs|Any CPU.Build.0 = RidrValDesLacs|Any CPU
		{27BD93DA-20CF-4200-89EE-C0DA50C3D8CA}.Sauveur|Any CPU.ActiveCfg = Sauveur|Any CPU
		{27BD93DA-20CF-4200-89EE-C0DA50C3D8CA}.Sauveur|Any CPU.Build.0 = Sauveur|Any CPU
	EndGlobalSection
	GlobalSection(SolutionProperties) = preSolution
		HideSolutionNode = FALSE
	EndGlobalSection
	GlobalSection(ExtensibilityGlobals) = postSolution
		SolutionGuid = {C0A41A9A-FEAF-4B5A-8D2A-338B1DFF7BD8}
	EndGlobalSection
EndGlobal
